
Microsoft Visual Studio Solution File, Format Version 12.00
# Visual Studio Version 16
VisualStudioVersion = 16.0.29306.81
MinimumVisualStudioVersion = 10.0.40219.1
Project("{9A19103F-16F7-4668-BE54-9A1E7A4F7556}") = "Infra", "src\Infra\Infra.csproj", "{237CE631-4CE6-4A12-B252-5E53E64BF482}"
EndProject
Project("{9A19103F-16F7-4668-BE54-9A1E7A4F7556}") = "Domain", "src\Domain\Domain\Domain.csproj", "{DBB88317-B99C-41A4-928B-EAEDF8624A27}"
EndProject
Project("{2150E333-8FDC-42A3-9474-1A3956D46DE8}") = "Tests", "Tests", "{ACC73490-49A2-4E6D-BC24-9780A6B10BD8}"
EndProject
Project("{FAE04EC0-301F-11D3-BF4B-00C04F79EFBC}") = "ReporteTests", "ReporteTests\ReporteTests.csproj", "{230D09BF-8039-4542-A28F-4BE797892D12}"
EndProject
Global
	GlobalSection(SolutionConfigurationPlatforms) = preSolution
		Debug|Any CPU = Debug|Any CPU
		Release|Any CPU = Release|Any CPU
	EndGlobalSection
	GlobalSection(ProjectConfigurationPlatforms) = postSolution
		{237CE631-4CE6-4A12-B252-5E53E64BF482}.Debug|Any CPU.ActiveCfg = Debug|Any CPU
		{237CE631-4CE6-4A12-B252-5E53E64BF482}.Debug|Any CPU.Build.0 = Debug|Any CPU
		{237CE631-4CE6-4A12-B252-5E53E64BF482}.Release|Any CPU.ActiveCfg = Release|Any CPU
		{237CE631-4CE6-4A12-B252-5E53E64BF482}.Release|Any CPU.Build.0 = Release|Any CPU
		{DBB88317-B99C-41A4-928B-EAEDF8624A27}.Debug|Any CPU.ActiveCfg = Debug|Any CPU
		{DBB88317-B99C-41A4-928B-EAEDF8624A27}.Debug|Any CPU.Build.0 = Debug|Any CPU
		{DBB88317-B99C-41A4-928B-EAEDF8624A27}.Release|Any CPU.ActiveCfg = Release|Any CPU
		{DBB88317-B99C-41A4-928B-EAEDF8624A27}.Release|Any CPU.Build.0 = Release|Any CPU
		{230D09BF-8039-4542-A28F-4BE797892D12}.Debug|Any CPU.ActiveCfg = Debug|Any CPU
		{230D09BF-8039-4542-A28F-4BE797892D12}.Debug|Any CPU.Build.0 = Debug|Any CPU
		{230D09BF-8039-4542-A28F-4BE797892D12}.Release|Any CPU.ActiveCfg = Release|Any CPU
		{230D09BF-8039-4542-A28F-4BE797892D12}.Release|Any CPU.Build.0 = Release|Any CPU
	EndGlobalSection
	GlobalSection(SolutionProperties) = preSolution
		HideSolutionNode = FALSE
	EndGlobalSection
	GlobalSection(NestedProjects) = preSolution
		{230D09BF-8039-4542-A28F-4BE797892D12} = {ACC73490-49A2-4E6D-BC24-9780A6B10BD8}
	EndGlobalSection
	GlobalSection(ExtensibilityGlobals) = postSolution
		SolutionGuid = {2823DACE-79DC-4646-A24A-94C5971D1C8D}
	EndGlobalSection
EndGlobal
